
Microsoft Visual Studio Solution File, Format Version 12.00
# Visual Studio Version 17
VisualStudioVersion = 17.2.32630.192
MinimumVisualStudioVersion = 10.0.40219.1
Project("{9A19103F-16F7-4668-BE54-9A1E7A4F7556}") = "LatokenAPIWpfClient", "LatokenAPIWpfClient\LatokenAPIWpfClient.csproj", "{99C94583-B8AA-46E8-8B82-0EE8C6F3DCFA}"
EndProject
Global
	GlobalSection(SolutionConfigurationPlatforms) = preSolution
		Debug|Any CPU = Debug|Any CPU
		Release|Any CPU = Release|Any CPU
	EndGlobalSection
	GlobalSection(ProjectConfigurationPlatforms) = postSolution
		{99C94583-B8AA-46E8-8B82-0EE8C6F3DCFA}.Debug|Any CPU.ActiveCfg = Debug|Any CPU
		{99C94583-B8AA-46E8-8B82-0EE8C6F3DCFA}.Debug|Any CPU.Build.0 = Debug|Any CPU
		{99C94583-B8AA-46E8-8B82-0EE8C6F3DCFA}.Release|Any CPU.ActiveCfg = Release|Any CPU
		{99C94583-B8AA-46E8-8B82-0EE8C6F3DCFA}.Release|Any CPU.Build.0 = Release|Any CPU
	EndGlobalSection
	GlobalSection(SolutionProperties) = preSolution
		HideSolutionNode = FALSE
	EndGlobalSection
	GlobalSection(ExtensibilityGlobals) = postSolution
		SolutionGuid = {CCF972D5-A820-4E1B-8FAB-3046A2DE0637}
	EndGlobalSection
EndGlobal
